
Microsoft Visual Studio Solution File, Format Version 12.00
# Visual Studio Version 17
VisualStudioVersion = 17.4.33205.214
MinimumVisualStudioVersion = 10.0.40219.1
Project("{9A19103F-16F7-4668-BE54-9A1E7A4F7556}") = "SharpWiki", "SharpWiki\SharpWiki.csproj", "{1F17BA1B-D0A4-4F25-A48F-0ED32E42C25A}"
EndProject
Project("{2150E333-8FDC-42A3-9474-1A3956D46DE8}") = "Solution Files", "Solution Files", "{BB2A309C-6E60-489D-9719-7C4F05741370}"
	ProjectSection(SolutionItems) = preProject
		global.json = global.json
		README.md = README.md
	EndProjectSection
EndProject
Project("{9A19103F-16F7-4668-BE54-9A1E7A4F7556}") = "SharpWiki.Tests", "SharpWiki.Tests\SharpWiki.Tests.csproj", "{C1FCFC14-9DBC-4B66-A6A7-E30C9F3283ED}"
EndProject
Project("{FAE04EC0-301F-11D3-BF4B-00C04F79EFBC}") = "SharpWiki.Benchmark", "SharpWiki.Benchmark\SharpWiki.Benchmark.csproj", "{ACB24257-E1DD-4657-A333-2CB134D95482}"
EndProject
Global
	GlobalSection(SolutionConfigurationPlatforms) = preSolution
		Debug|Any CPU = Debug|Any CPU
		Release|Any CPU = Release|Any CPU
	EndGlobalSection
	GlobalSection(ProjectConfigurationPlatforms) = postSolution
		{1F17BA1B-D0A4-4F25-A48F-0ED32E42C25A}.Debug|Any CPU.ActiveCfg = Debug|Any CPU
		{1F17BA1B-D0A4-4F25-A48F-0ED32E42C25A}.Debug|Any CPU.Build.0 = Debug|Any CPU
		{1F17BA1B-D0A4-4F25-A48F-0ED32E42C25A}.Release|Any CPU.ActiveCfg = Release|Any CPU
		{1F17BA1B-D0A4-4F25-A48F-0ED32E42C25A}.Release|Any CPU.Build.0 = Release|Any CPU
		{C1FCFC14-9DBC-4B66-A6A7-E30C9F3283ED}.Debug|Any CPU.ActiveCfg = Debug|Any CPU
		{C1FCFC14-9DBC-4B66-A6A7-E30C9F3283ED}.Debug|Any CPU.Build.0 = Debug|Any CPU
		{C1FCFC14-9DBC-4B66-A6A7-E30C9F3283ED}.Release|Any CPU.ActiveCfg = Release|Any CPU
		{C1FCFC14-9DBC-4B66-A6A7-E30C9F3283ED}.Release|Any CPU.Build.0 = Release|Any CPU
		{ACB24257-E1DD-4657-A333-2CB134D95482}.Debug|Any CPU.ActiveCfg = Debug|Any CPU
		{ACB24257-E1DD-4657-A333-2CB134D95482}.Debug|Any CPU.Build.0 = Debug|Any CPU
		{ACB24257-E1DD-4657-A333-2CB134D95482}.Release|Any CPU.ActiveCfg = Release|Any CPU
		{ACB24257-E1DD-4657-A333-2CB134D95482}.Release|Any CPU.Build.0 = Release|Any CPU
	EndGlobalSection
	GlobalSection(SolutionProperties) = preSolution
		HideSolutionNode = FALSE
	EndGlobalSection
	GlobalSection(ExtensibilityGlobals) = postSolution
		SolutionGuid = {6AC63EC9-7033-4D52-B47C-B51426896852}
	EndGlobalSection
EndGlobal
